
Microsoft Visual Studio Solution File, Format Version 12.00
# Visual Studio Version 16
VisualStudioVersion = 16.0.31702.278
MinimumVisualStudioVersion = 10.0.40219.1
Project("{8BC9CEB8-8B4A-11D0-8D11-00A0C91BC942}") = "Sp7", "Sp7\Sp7.vcxproj", "{726BA6E5-29D6-4AA6-B930-F810AF0A92E3}"
EndProject
Global
	GlobalSection(SolutionConfigurationPlatforms) = preSolution
		Debug|x64 = Debug|x64
		Debug|x86 = Debug|x86
		Release|x64 = Release|x64
		Release|x86 = Release|x86
	EndGlobalSection
	GlobalSection(ProjectConfigurationPlatforms) = postSolution
		{726BA6E5-29D6-4AA6-B930-F810AF0A92E3}.Debug|x64.ActiveCfg = Debug|x64
		{726BA6E5-29D6-4AA6-B930-F810AF0A92E3}.Debug|x64.Build.0 = Debug|x64
		{726BA6E5-29D6-4AA6-B930-F810AF0A92E3}.Debug|x86.ActiveCfg = Debug|Win32
		{726BA6E5-29D6-4AA6-B930-F810AF0A92E3}.Debug|x86.Build.0 = Debug|Win32
		{726BA6E5-29D6-4AA6-B930-F810AF0A92E3}.Release|x64.ActiveCfg = Release|x64
		{726BA6E5-29D6-4AA6-B930-F810AF0A92E3}.Release|x64.Build.0 = Release|x64
		{726BA6E5-29D6-4AA6-B930-F810AF0A92E3}.Release|x86.ActiveCfg = Release|Win32
		{726BA6E5-29D6-4AA6-B930-F810AF0A92E3}.Release|x86.Build.0 = Release|Win32
	EndGlobalSection
	GlobalSection(SolutionProperties) = preSolution
		HideSolutionNode = FALSE
	EndGlobalSection
	GlobalSection(ExtensibilityGlobals) = postSolution
		SolutionGuid = {45A5ABB4-3B9E-45C7-A6C1-251B9290C4A6}
	EndGlobalSection
EndGlobal
